
Microsoft Visual Studio Solution File, Format Version 12.00
# Visual Studio Version 16
VisualStudioVersion = 16.0.29609.76
MinimumVisualStudioVersion = 10.0.40219.1
Project("{9A19103F-16F7-4668-BE54-9A1E7A4F7556}") = "OdeToFood", "OdeToFood\OdeToFood.csproj", "{728E6177-21CA-4A00-94E9-A029324AAFED}"
EndProject
Global
	GlobalSection(SolutionConfigurationPlatforms) = preSolution
		Debug|Any CPU = Debug|Any CPU
		Release|Any CPU = Release|Any CPU
	EndGlobalSection
	GlobalSection(ProjectConfigurationPlatforms) = postSolution
		{728E6177-21CA-4A00-94E9-A029324AAFED}.Debug|Any CPU.ActiveCfg = Debug|Any CPU
		{728E6177-21CA-4A00-94E9-A029324AAFED}.Debug|Any CPU.Build.0 = Debug|Any CPU
		{728E6177-21CA-4A00-94E9-A029324AAFED}.Release|Any CPU.ActiveCfg = Release|Any CPU
		{728E6177-21CA-4A00-94E9-A029324AAFED}.Release|Any CPU.Build.0 = Release|Any CPU
	EndGlobalSection
	GlobalSection(SolutionProperties) = preSolution
		HideSolutionNode = FALSE
	EndGlobalSection
	GlobalSection(ExtensibilityGlobals) = postSolution
		SolutionGuid = {FD99842E-030C-439B-BBEF-8922A3D035CD}
	EndGlobalSection
EndGlobal
